
Microsoft Visual Studio Solution File, Format Version 12.00
# Visual Studio 15
VisualStudioVersion = 15.0.26228.9
MinimumVisualStudioVersion = 10.0.40219.1
Project("{9A19103F-16F7-4668-BE54-9A1E7A4F7556}") = "ComputingSystems.CombLogic", "ComputingSystems.CombLogic\ComputingSystems.CombLogic.csproj", "{83203EFD-9AD6-4AF7-B7C2-1819CA3BA274}"
EndProject
Project("{9A19103F-16F7-4668-BE54-9A1E7A4F7556}") = "ComputingSystems.CombLogic.Interfaces", "ComputingSystems.CombLogic.Interfaces\ComputingSystems.CombLogic.Interfaces.csproj", "{5C60258C-791D-45B2-A8AF-2647AD2F4B25}"
EndProject
Project("{9A19103F-16F7-4668-BE54-9A1E7A4F7556}") = "ComputingSystems.CombLogic.ReferenceImplementations", "ComputingSystems.CombLogic.ReferenceImplementations\ComputingSystems.CombLogic.ReferenceImplementations.csproj", "{86D14694-0CE0-4E76-AEF0-113324A43B8B}"
EndProject
Project("{9A19103F-16F7-4668-BE54-9A1E7A4F7556}") = "ComputingSystems.BoolArith", "ComputingSystems.BoolArith\ComputingSystems.BoolArith.csproj", "{FC5D800F-60C8-451F-9B38-8027D3BD3635}"
EndProject
Project("{9A19103F-16F7-4668-BE54-9A1E7A4F7556}") = "ComputingSystems.BoolArith.ReferenceImplementation", "ComputingSystems.BoolArith.ReferenceImplementation\ComputingSystems.BoolArith.ReferenceImplementation.csproj", "{42AD39D4-2FC0-4E7D-9F7C-197737CF6865}"
EndProject
Project("{9A19103F-16F7-4668-BE54-9A1E7A4F7556}") = "ComputingSystems.BoolArith.Tester", "ComputingSystems.BoolArith.Tester\ComputingSystems.BoolArith.Tester.csproj", "{136CCC15-FA71-4728-8925-FA5E012A0B1C}"
EndProject
Project("{9A19103F-16F7-4668-BE54-9A1E7A4F7556}") = "ComputingSystems.SeqLogic", "ComputingSystems.SeqLogic\ComputingSystems.SeqLogic.csproj", "{5609BEA7-5A58-493B-9E75-D9AD88BD6C21}"
EndProject
Project("{9A19103F-16F7-4668-BE54-9A1E7A4F7556}") = "ComputingSystems.SeqLogic.Tester", "ComputingSystems.SeqLogic.Tester\ComputingSystems.SeqLogic.Tester.csproj", "{A60171FD-188D-48D7-B947-6D58EEE6D3E1}"
EndProject
Project("{FAE04EC0-301F-11D3-BF4B-00C04F79EFBC}") = "ComputingSystems.Core", "ComputingSystems.Core\ComputingSystems.Core.csproj", "{082B2F05-A4DE-477F-A211-CEC568DA7AAD}"
EndProject
Project("{FAE04EC0-301F-11D3-BF4B-00C04F79EFBC}") = "ComputingSystems.BoolArith.Interfaces", "ComputingSystems.BoolArith.Interfaces\ComputingSystems.BoolArith.Interfaces.csproj", "{F315B487-FF55-49E9-BAC7-B625C0BBFA2F}"
EndProject
Project("{9A19103F-16F7-4668-BE54-9A1E7A4F7556}") = "ComputingSystems.CombLogic.ReferenceImplementations.Tests", "ComputingSystems.CombLogic.ReferenceImplementations.Tests\ComputingSystems.CombLogic.ReferenceImplementations.Tests.csproj", "{43653B93-0453-469E-B7B5-EC6554F58FB8}"
EndProject
Project("{9A19103F-16F7-4668-BE54-9A1E7A4F7556}") = "ComputingSystems.CombLogic.Tests", "ComputingSystems.CombLogic.Tests\ComputingSystems.CombLogic.Tests.csproj", "{8BA85381-185E-4312-9077-7EC3384CC72E}"
EndProject
Project("{FAE04EC0-301F-11D3-BF4B-00C04F79EFBC}") = "ComputingSystems.SeqLogic.Interfaces", "ComputingSystems.SeqLogic.Interfaces\ComputingSystems.SeqLogic.Interfaces.csproj", "{C37BC397-397A-46F1-A7BE-9A0DCAE3EE9F}"
EndProject
Project("{FAE04EC0-301F-11D3-BF4B-00C04F79EFBC}") = "ComputingSystems.SeqLogic.Tests", "ComputingSystems.SeqLogic.Tests\ComputingSystems.SeqLogic.Tests.csproj", "{BE1417E9-5269-444A-8B50-62EBEEDFFF3D}"
EndProject
Project("{FAE04EC0-301F-11D3-BF4B-00C04F79EFBC}") = "ComputingSystems.SeqLogic.ReferenceImplementation", "ComputingSystems.SeqLogic.ReferenceImplementation\ComputingSystems.SeqLogic.ReferenceImplementation.csproj", "{E1AC55FF-02EA-4C87-B76C-8A8A3C2AB34A}"
EndProject
Project("{FAE04EC0-301F-11D3-BF4B-00C04F79EFBC}") = "ComputingSystems.SeqLogic.ReferenceImplementation.Tests", "ComputingSystems.SeqLogic.ReferenceImplementation.Tests\ComputingSystems.SeqLogic.ReferenceImplementation.Tests.csproj", "{4EE187BB-B824-47FB-BEC1-F0457E4A640F}"
EndProject
Project("{FAE04EC0-301F-11D3-BF4B-00C04F79EFBC}") = "ComputingSystems.BoolArith.ReferenceImplementation.Tests", "ComputingSystems.BoolArith.ReferenceImplementation.Tests\ComputingSystems.BoolArith.ReferenceImplementation.Tests.csproj", "{8C6E2293-F42C-4977-A25A-13D9B529296D}"
EndProject
Project("{FAE04EC0-301F-11D3-BF4B-00C04F79EFBC}") = "ComputingSystems.BoolArith.Tests", "ComputingSystems.BoolArith.Tests\ComputingSystems.BoolArith.Tests.csproj", "{80B28256-2765-469A-805C-D864A15B12D7}"
EndProject
Global
	GlobalSection(SolutionConfigurationPlatforms) = preSolution
		Debug|Any CPU = Debug|Any CPU
		Release|Any CPU = Release|Any CPU
	EndGlobalSection
	GlobalSection(ProjectConfigurationPlatforms) = postSolution
		{83203EFD-9AD6-4AF7-B7C2-1819CA3BA274}.Debug|Any CPU.ActiveCfg = Debug|Any CPU
		{83203EFD-9AD6-4AF7-B7C2-1819CA3BA274}.Debug|Any CPU.Build.0 = Debug|Any CPU
		{83203EFD-9AD6-4AF7-B7C2-1819CA3BA274}.Release|Any CPU.ActiveCfg = Release|Any CPU
		{83203EFD-9AD6-4AF7-B7C2-1819CA3BA274}.Release|Any CPU.Build.0 = Release|Any CPU
		{5C60258C-791D-45B2-A8AF-2647AD2F4B25}.Debug|Any CPU.ActiveCfg = Debug|Any CPU
		{5C60258C-791D-45B2-A8AF-2647AD2F4B25}.Debug|Any CPU.Build.0 = Debug|Any CPU
		{5C60258C-791D-45B2-A8AF-2647AD2F4B25}.Release|Any CPU.ActiveCfg = Release|Any CPU
		{5C60258C-791D-45B2-A8AF-2647AD2F4B25}.Release|Any CPU.Build.0 = Release|Any CPU
		{86D14694-0CE0-4E76-AEF0-113324A43B8B}.Debug|Any CPU.ActiveCfg = Debug|Any CPU
		{86D14694-0CE0-4E76-AEF0-113324A43B8B}.Debug|Any CPU.Build.0 = Debug|Any CPU
		{86D14694-0CE0-4E76-AEF0-113324A43B8B}.Release|Any CPU.ActiveCfg = Release|Any CPU
		{86D14694-0CE0-4E76-AEF0-113324A43B8B}.Release|Any CPU.Build.0 = Release|Any CPU
		{FC5D800F-60C8-451F-9B38-8027D3BD3635}.Debug|Any CPU.ActiveCfg = Debug|Any CPU
		{FC5D800F-60C8-451F-9B38-8027D3BD3635}.Debug|Any CPU.Build.0 = Debug|Any CPU
		{FC5D800F-60C8-451F-9B38-8027D3BD3635}.Release|Any CPU.ActiveCfg = Release|Any CPU
		{FC5D800F-60C8-451F-9B38-8027D3BD3635}.Release|Any CPU.Build.0 = Release|Any CPU
		{42AD39D4-2FC0-4E7D-9F7C-197737CF6865}.Debug|Any CPU.ActiveCfg = Debug|Any CPU
		{42AD39D4-2FC0-4E7D-9F7C-197737CF6865}.Debug|Any CPU.Build.0 = Debug|Any CPU
		{42AD39D4-2FC0-4E7D-9F7C-197737CF6865}.Release|Any CPU.ActiveCfg = Release|Any CPU
		{42AD39D4-2FC0-4E7D-9F7C-197737CF6865}.Release|Any CPU.Build.0 = Release|Any CPU
		{136CCC15-FA71-4728-8925-FA5E012A0B1C}.Debug|Any CPU.ActiveCfg = Debug|Any CPU
		{136CCC15-FA71-4728-8925-FA5E012A0B1C}.Debug|Any CPU.Build.0 = Debug|Any CPU
		{136CCC15-FA71-4728-8925-FA5E012A0B1C}.Release|Any CPU.ActiveCfg = Release|Any CPU
		{136CCC15-FA71-4728-8925-FA5E012A0B1C}.Release|Any CPU.Build.0 = Release|Any CPU
		{5609BEA7-5A58-493B-9E75-D9AD88BD6C21}.Debug|Any CPU.ActiveCfg = Debug|Any CPU
		{5609BEA7-5A58-493B-9E75-D9AD88BD6C21}.Debug|Any CPU.Build.0 = Debug|Any CPU
		{5609BEA7-5A58-493B-9E75-D9AD88BD6C21}.Release|Any CPU.ActiveCfg = Release|Any CPU
		{5609BEA7-5A58-493B-9E75-D9AD88BD6C21}.Release|Any CPU.Build.0 = Release|Any CPU
		{A60171FD-188D-48D7-B947-6D58EEE6D3E1}.Debug|Any CPU.ActiveCfg = Debug|Any CPU
		{A60171FD-188D-48D7-B947-6D58EEE6D3E1}.Debug|Any CPU.Build.0 = Debug|Any CPU
		{A60171FD-188D-48D7-B947-6D58EEE6D3E1}.Release|Any CPU.ActiveCfg = Release|Any CPU
		{A60171FD-188D-48D7-B947-6D58EEE6D3E1}.Release|Any CPU.Build.0 = Release|Any CPU
		{082B2F05-A4DE-477F-A211-CEC568DA7AAD}.Debug|Any CPU.ActiveCfg = Debug|Any CPU
		{082B2F05-A4DE-477F-A211-CEC568DA7AAD}.Debug|Any CPU.Build.0 = Debug|Any CPU
		{082B2F05-A4DE-477F-A211-CEC568DA7AAD}.Release|Any CPU.ActiveCfg = Release|Any CPU
		{082B2F05-A4DE-477F-A211-CEC568DA7AAD}.Release|Any CPU.Build.0 = Release|Any CPU
		{F315B487-FF55-49E9-BAC7-B625C0BBFA2F}.Debug|Any CPU.ActiveCfg = Debug|Any CPU
		{F315B487-FF55-49E9-BAC7-B625C0BBFA2F}.Debug|Any CPU.Build.0 = Debug|Any CPU
		{F315B487-FF55-49E9-BAC7-B625C0BBFA2F}.Release|Any CPU.ActiveCfg = Release|Any CPU
		{F315B487-FF55-49E9-BAC7-B625C0BBFA2F}.Release|Any CPU.Build.0 = Release|Any CPU
		{43653B93-0453-469E-B7B5-EC6554F58FB8}.Debug|Any CPU.ActiveCfg = Debug|Any CPU
		{43653B93-0453-469E-B7B5-EC6554F58FB8}.Debug|Any CPU.Build.0 = Debug|Any CPU
		{43653B93-0453-469E-B7B5-EC6554F58FB8}.Release|Any CPU.ActiveCfg = Release|Any CPU
		{43653B93-0453-469E-B7B5-EC6554F58FB8}.Release|Any CPU.Build.0 = Release|Any CPU
		{8BA85381-185E-4312-9077-7EC3384CC72E}.Debug|Any CPU.ActiveCfg = Debug|Any CPU
		{8BA85381-185E-4312-9077-7EC3384CC72E}.Debug|Any CPU.Build.0 = Debug|Any CPU
		{8BA85381-185E-4312-9077-7EC3384CC72E}.Release|Any CPU.ActiveCfg = Release|Any CPU
		{8BA85381-185E-4312-9077-7EC3384CC72E}.Release|Any CPU.Build.0 = Release|Any CPU
		{C37BC397-397A-46F1-A7BE-9A0DCAE3EE9F}.Debug|Any CPU.ActiveCfg = Debug|Any CPU
		{C37BC397-397A-46F1-A7BE-9A0DCAE3EE9F}.Debug|Any CPU.Build.0 = Debug|Any CPU
		{C37BC397-397A-46F1-A7BE-9A0DCAE3EE9F}.Release|Any CPU.ActiveCfg = Release|Any CPU
		{C37BC397-397A-46F1-A7BE-9A0DCAE3EE9F}.Release|Any CPU.Build.0 = Release|Any CPU
		{BE1417E9-5269-444A-8B50-62EBEEDFFF3D}.Debug|Any CPU.ActiveCfg = Debug|Any CPU
		{BE1417E9-5269-444A-8B50-62EBEEDFFF3D}.Debug|Any CPU.Build.0 = Debug|Any CPU
		{BE1417E9-5269-444A-8B50-62EBEEDFFF3D}.Release|Any CPU.ActiveCfg = Release|Any CPU
		{BE1417E9-5269-444A-8B50-62EBEEDFFF3D}.Release|Any CPU.Build.0 = Release|Any CPU
		{E1AC55FF-02EA-4C87-B76C-8A8A3C2AB34A}.Debug|Any CPU.ActiveCfg = Debug|Any CPU
		{E1AC55FF-02EA-4C87-B76C-8A8A3C2AB34A}.Debug|Any CPU.Build.0 = Debug|Any CPU
		{E1AC55FF-02EA-4C87-B76C-8A8A3C2AB34A}.Release|Any CPU.ActiveCfg = Release|Any CPU
		{E1AC55FF-02EA-4C87-B76C-8A8A3C2AB34A}.Release|Any CPU.Build.0 = Release|Any CPU
		{4EE187BB-B824-47FB-BEC1-F0457E4A640F}.Debug|Any CPU.ActiveCfg = Debug|Any CPU
		{4EE187BB-B824-47FB-BEC1-F0457E4A640F}.Debug|Any CPU.Build.0 = Debug|Any CPU
		{4EE187BB-B824-47FB-BEC1-F0457E4A640F}.Release|Any CPU.ActiveCfg = Release|Any CPU
		{4EE187BB-B824-47FB-BEC1-F0457E4A640F}.Release|Any CPU.Build.0 = Release|Any CPU
		{8C6E2293-F42C-4977-A25A-13D9B529296D}.Debug|Any CPU.ActiveCfg = Debug|Any CPU
		{8C6E2293-F42C-4977-A25A-13D9B529296D}.Debug|Any CPU.Build.0 = Debug|Any CPU
		{8C6E2293-F42C-4977-A25A-13D9B529296D}.Release|Any CPU.ActiveCfg = Release|Any CPU
		{8C6E2293-F42C-4977-A25A-13D9B529296D}.Release|Any CPU.Build.0 = Release|Any CPU
		{80B28256-2765-469A-805C-D864A15B12D7}.Debug|Any CPU.ActiveCfg = Debug|Any CPU
		{80B28256-2765-469A-805C-D864A15B12D7}.Debug|Any CPU.Build.0 = Debug|Any CPU
		{80B28256-2765-469A-805C-D864A15B12D7}.Release|Any CPU.ActiveCfg = Release|Any CPU
		{80B28256-2765-469A-805C-D864A15B12D7}.Release|Any CPU.Build.0 = Release|Any CPU
	EndGlobalSection
	GlobalSection(SolutionProperties) = preSolution
		HideSolutionNode = FALSE
	EndGlobalSection
	GlobalSection(ExtensibilityGlobals) = postSolution
		SolutionGuid = {1A84992C-4EA3-4E00-BD14-1A341F47A5DB}
	EndGlobalSection
EndGlobal
